
Microsoft Visual Studio Solution File, Format Version 12.00
# Visual Studio Version 17
VisualStudioVersion = 17.8.34511.84
MinimumVisualStudioVersion = 10.0.40219.1
Project("{FAE04EC0-301F-11D3-BF4B-00C04F79EFBC}") = "DriverInfo", "DriverInfo\DriverInfo.csproj", "{FE0DFB2F-08F9-4C20-BC77-42E7E8BE19B7}"
EndProject
Global
	GlobalSection(SolutionConfigurationPlatforms) = preSolution
		Debug|Any CPU = Debug|Any CPU
		Release|Any CPU = Release|Any CPU
	EndGlobalSection
	GlobalSection(ProjectConfigurationPlatforms) = postSolution
		{FE0DFB2F-08F9-4C20-BC77-42E7E8BE19B7}.Debug|Any CPU.ActiveCfg = Debug|Any CPU
		{FE0DFB2F-08F9-4C20-BC77-42E7E8BE19B7}.Debug|Any CPU.Build.0 = Debug|Any CPU
		{FE0DFB2F-08F9-4C20-BC77-42E7E8BE19B7}.Release|Any CPU.ActiveCfg = Release|Any CPU
		{FE0DFB2F-08F9-4C20-BC77-42E7E8BE19B7}.Release|Any CPU.Build.0 = Release|Any CPU
	EndGlobalSection
	GlobalSection(SolutionProperties) = preSolution
		HideSolutionNode = FALSE
	EndGlobalSection
	GlobalSection(ExtensibilityGlobals) = postSolution
		SolutionGuid = {ADF514BB-1070-478C-AE65-CE67EEF35FEC}
	EndGlobalSection
EndGlobal
